
Microsoft Visual Studio Solution File, Format Version 12.00
# Visual Studio Version 17
VisualStudioVersion = 17.12.35707.178
MinimumVisualStudioVersion = 10.0.40219.1
Project("{FAE04EC0-301F-11D3-BF4B-00C04F79EFBC}") = "BookStoreAppAPI", "BookStoreAppAPI\BookStoreAppAPI.csproj", "{A450838E-121F-4E40-91BA-B68F31514DD2}"
EndProject
Project("{FAE04EC0-301F-11D3-BF4B-00C04F79EFBC}") = "BusinessObject", "BusinessObject\BusinessObject.csproj", "{93D6FFB4-CC93-4F0B-9069-4E52ABB07ADA}"
EndProject
Project("{FAE04EC0-301F-11D3-BF4B-00C04F79EFBC}") = "DataAccessObject", "DataAccessObject\DataAccessObject.csproj", "{9B5D33B6-FE31-474C-A543-1105E6735A16}"
EndProject
Project("{FAE04EC0-301F-11D3-BF4B-00C04F79EFBC}") = "DTOs", "DTOs\DTOs.csproj", "{924C423D-579A-436E-A204-F7F875D17BEA}"
EndProject
Project("{FAE04EC0-301F-11D3-BF4B-00C04F79EFBC}") = "Services", "Services\Services.csproj", "{56CC200B-5C7A-45AF-A5D4-D4BEB8649A7F}"
EndProject
Project("{FAE04EC0-301F-11D3-BF4B-00C04F79EFBC}") = "BookStoreWebMVC", "BookStoreWebMVC\BookStoreWebMVC.csproj", "{CFB2E524-B0B1-41A5-BA8B-3F388800611A}"
EndProject
Global
	GlobalSection(SolutionConfigurationPlatforms) = preSolution
		Debug|Any CPU = Debug|Any CPU
		Release|Any CPU = Release|Any CPU
	EndGlobalSection
	GlobalSection(ProjectConfigurationPlatforms) = postSolution
		{A450838E-121F-4E40-91BA-B68F31514DD2}.Debug|Any CPU.ActiveCfg = Debug|Any CPU
		{A450838E-121F-4E40-91BA-B68F31514DD2}.Debug|Any CPU.Build.0 = Debug|Any CPU
		{A450838E-121F-4E40-91BA-B68F31514DD2}.Release|Any CPU.ActiveCfg = Release|Any CPU
		{A450838E-121F-4E40-91BA-B68F31514DD2}.Release|Any CPU.Build.0 = Release|Any CPU
		{93D6FFB4-CC93-4F0B-9069-4E52ABB07ADA}.Debug|Any CPU.ActiveCfg = Debug|Any CPU
		{93D6FFB4-CC93-4F0B-9069-4E52ABB07ADA}.Debug|Any CPU.Build.0 = Debug|Any CPU
		{93D6FFB4-CC93-4F0B-9069-4E52ABB07ADA}.Release|Any CPU.ActiveCfg = Release|Any CPU
		{93D6FFB4-CC93-4F0B-9069-4E52ABB07ADA}.Release|Any CPU.Build.0 = Release|Any CPU
		{9B5D33B6-FE31-474C-A543-1105E6735A16}.Debug|Any CPU.ActiveCfg = Debug|Any CPU
		{9B5D33B6-FE31-474C-A543-1105E6735A16}.Debug|Any CPU.Build.0 = Debug|Any CPU
		{9B5D33B6-FE31-474C-A543-1105E6735A16}.Release|Any CPU.ActiveCfg = Release|Any CPU
		{9B5D33B6-FE31-474C-A543-1105E6735A16}.Release|Any CPU.Build.0 = Release|Any CPU
		{924C423D-579A-436E-A204-F7F875D17BEA}.Debug|Any CPU.ActiveCfg = Debug|Any CPU
		{924C423D-579A-436E-A204-F7F875D17BEA}.Debug|Any CPU.Build.0 = Debug|Any CPU
		{924C423D-579A-436E-A204-F7F875D17BEA}.Release|Any CPU.ActiveCfg = Release|Any CPU
		{924C423D-579A-436E-A204-F7F875D17BEA}.Release|Any CPU.Build.0 = Release|Any CPU
		{56CC200B-5C7A-45AF-A5D4-D4BEB8649A7F}.Debug|Any CPU.ActiveCfg = Debug|Any CPU
		{56CC200B-5C7A-45AF-A5D4-D4BEB8649A7F}.Debug|Any CPU.Build.0 = Debug|Any CPU
		{56CC200B-5C7A-45AF-A5D4-D4BEB8649A7F}.Release|Any CPU.ActiveCfg = Release|Any CPU
		{56CC200B-5C7A-45AF-A5D4-D4BEB8649A7F}.Release|Any CPU.Build.0 = Release|Any CPU
		{CFB2E524-B0B1-41A5-BA8B-3F388800611A}.Debug|Any CPU.ActiveCfg = Debug|Any CPU
		{CFB2E524-B0B1-41A5-BA8B-3F388800611A}.Debug|Any CPU.Build.0 = Debug|Any CPU
		{CFB2E524-B0B1-41A5-BA8B-3F388800611A}.Release|Any CPU.ActiveCfg = Release|Any CPU
		{CFB2E524-B0B1-41A5-BA8B-3F388800611A}.Release|Any CPU.Build.0 = Release|Any CPU
	EndGlobalSection
	GlobalSection(SolutionProperties) = preSolution
		HideSolutionNode = FALSE
	EndGlobalSection
EndGlobal
